
Microsoft Visual Studio Solution File, Format Version 12.00
# Visual Studio 15
Project("{FAE04EC0-301F-11D3-BF4B-00C04F79EFBC}") = "ListProcesses", "ListProcesses\ListProcesses.csproj", "{EBF4A5F1-B50B-4C42-B5A3-81BD315993BE}"
EndProject
Global
	GlobalSection(SolutionConfigurationPlatforms) = preSolution
		Debug|Any CPU = Debug|Any CPU
		Release|Any CPU = Release|Any CPU
	EndGlobalSection
	GlobalSection(ProjectConfigurationPlatforms) = postSolution
		{EBF4A5F1-B50B-4C42-B5A3-81BD315993BE}.Debug|Any CPU.ActiveCfg = Debug|Any CPU
		{EBF4A5F1-B50B-4C42-B5A3-81BD315993BE}.Debug|Any CPU.Build.0 = Debug|Any CPU
		{EBF4A5F1-B50B-4C42-B5A3-81BD315993BE}.Release|Any CPU.ActiveCfg = Release|Any CPU
		{EBF4A5F1-B50B-4C42-B5A3-81BD315993BE}.Release|Any CPU.Build.0 = Release|Any CPU
	EndGlobalSection
EndGlobal
