
Microsoft Visual Studio Solution File, Format Version 12.00
# Visual Studio 15
Project("{FAE04EC0-301F-11D3-BF4B-00C04F79EFBC}") = "LectureMutexExample", "LectureMutexExample.csproj", "{CA78B84F-7FAC-4915-B3CC-63DD354019D8}"
EndProject
Global
	GlobalSection(SolutionConfigurationPlatforms) = preSolution
		Debug|Any CPU = Debug|Any CPU
		Release|Any CPU = Release|Any CPU
	EndGlobalSection
	GlobalSection(ProjectConfigurationPlatforms) = postSolution
		{CA78B84F-7FAC-4915-B3CC-63DD354019D8}.Debug|Any CPU.ActiveCfg = Debug|Any CPU
		{CA78B84F-7FAC-4915-B3CC-63DD354019D8}.Debug|Any CPU.Build.0 = Debug|Any CPU
		{CA78B84F-7FAC-4915-B3CC-63DD354019D8}.Release|Any CPU.ActiveCfg = Release|Any CPU
		{CA78B84F-7FAC-4915-B3CC-63DD354019D8}.Release|Any CPU.Build.0 = Release|Any CPU
	EndGlobalSection
EndGlobal
