
Microsoft Visual Studio Solution File, Format Version 12.00
# Visual Studio 15
Project("{FAE04EC0-301F-11D3-BF4B-00C04F79EFBC}") = "LectureMutexExample", "LectureMutexExample\LectureMutexExample.csproj", "{B9319171-B311-45FF-976B-9EB3D33BB240}"
EndProject
Global
	GlobalSection(SolutionConfigurationPlatforms) = preSolution
		Debug|Any CPU = Debug|Any CPU
		Release|Any CPU = Release|Any CPU
	EndGlobalSection
	GlobalSection(ProjectConfigurationPlatforms) = postSolution
		{B9319171-B311-45FF-976B-9EB3D33BB240}.Debug|Any CPU.ActiveCfg = Debug|Any CPU
		{B9319171-B311-45FF-976B-9EB3D33BB240}.Debug|Any CPU.Build.0 = Debug|Any CPU
		{B9319171-B311-45FF-976B-9EB3D33BB240}.Release|Any CPU.ActiveCfg = Release|Any CPU
		{B9319171-B311-45FF-976B-9EB3D33BB240}.Release|Any CPU.Build.0 = Release|Any CPU
	EndGlobalSection
EndGlobal
